
Microsoft Visual Studio Solution File, Format Version 12.00
# Visual Studio Version 16
VisualStudioVersion = 16.0.32510.428
MinimumVisualStudioVersion = 10.0.40219.1
Project("{FAE04EC0-301F-11D3-BF4B-00C04F79EFBC}") = "coreJwtTokenClamebaseAuthentication", "coreJwtTokenClamebaseAuthentication.csproj", "{9B00351E-26A5-4BF0-9745-FC14CDEEF344}"
EndProject
Global
	GlobalSection(SolutionConfigurationPlatforms) = preSolution
		Debug|Any CPU = Debug|Any CPU
		Release|Any CPU = Release|Any CPU
	EndGlobalSection
	GlobalSection(ProjectConfigurationPlatforms) = postSolution
		{9B00351E-26A5-4BF0-9745-FC14CDEEF344}.Debug|Any CPU.ActiveCfg = Debug|Any CPU
		{9B00351E-26A5-4BF0-9745-FC14CDEEF344}.Debug|Any CPU.Build.0 = Debug|Any CPU
		{9B00351E-26A5-4BF0-9745-FC14CDEEF344}.Release|Any CPU.ActiveCfg = Release|Any CPU
		{9B00351E-26A5-4BF0-9745-FC14CDEEF344}.Release|Any CPU.Build.0 = Release|Any CPU
	EndGlobalSection
	GlobalSection(SolutionProperties) = preSolution
		HideSolutionNode = FALSE
	EndGlobalSection
	GlobalSection(ExtensibilityGlobals) = postSolution
		SolutionGuid = {AF55ED44-1453-4497-BBDF-821E4BFE4D30}
	EndGlobalSection
EndGlobal
